
Microsoft Visual Studio Solution File, Format Version 12.00
# Visual Studio Version 17
VisualStudioVersion = 17.8.34316.72
MinimumVisualStudioVersion = 10.0.40219.1
Project("{FAE04EC0-301F-11D3-BF4B-00C04F79EFBC}") = "RestAPIExample", "RestAPIExample\RestAPIExample.csproj", "{18898893-E7B0-4A21-A27D-A3DF98A02967}"
EndProject
Global
	GlobalSection(SolutionConfigurationPlatforms) = preSolution
		Debug|Any CPU = Debug|Any CPU
		Release|Any CPU = Release|Any CPU
	EndGlobalSection
	GlobalSection(ProjectConfigurationPlatforms) = postSolution
		{18898893-E7B0-4A21-A27D-A3DF98A02967}.Debug|Any CPU.ActiveCfg = Debug|Any CPU
		{18898893-E7B0-4A21-A27D-A3DF98A02967}.Debug|Any CPU.Build.0 = Debug|Any CPU
		{18898893-E7B0-4A21-A27D-A3DF98A02967}.Release|Any CPU.ActiveCfg = Release|Any CPU
		{18898893-E7B0-4A21-A27D-A3DF98A02967}.Release|Any CPU.Build.0 = Release|Any CPU
	EndGlobalSection
	GlobalSection(SolutionProperties) = preSolution
		HideSolutionNode = FALSE
	EndGlobalSection
	GlobalSection(ExtensibilityGlobals) = postSolution
		SolutionGuid = {C32E2F32-A337-4B3B-B68D-978DDCC71902}
	EndGlobalSection
EndGlobal
